
Microsoft Visual Studio Solution File, Format Version 12.00
# Visual Studio Version 17
VisualStudioVersion = 17.3.32929.385
MinimumVisualStudioVersion = 10.0.40219.1
Project("{FAE04EC0-301F-11D3-BF4B-00C04F79EFBC}") = "Briose", "Briose.csproj", "{BF82363E-F143-45F8-86B8-45648BC3371D}"
EndProject
Global
	GlobalSection(SolutionConfigurationPlatforms) = preSolution
		Debug|Any CPU = Debug|Any CPU
		Release|Any CPU = Release|Any CPU
	EndGlobalSection
	GlobalSection(ProjectConfigurationPlatforms) = postSolution
		{BF82363E-F143-45F8-86B8-45648BC3371D}.Debug|Any CPU.ActiveCfg = Debug|Any CPU
		{BF82363E-F143-45F8-86B8-45648BC3371D}.Debug|Any CPU.Build.0 = Debug|Any CPU
		{BF82363E-F143-45F8-86B8-45648BC3371D}.Release|Any CPU.ActiveCfg = Release|Any CPU
		{BF82363E-F143-45F8-86B8-45648BC3371D}.Release|Any CPU.Build.0 = Release|Any CPU
	EndGlobalSection
	GlobalSection(SolutionProperties) = preSolution
		HideSolutionNode = FALSE
	EndGlobalSection
	GlobalSection(ExtensibilityGlobals) = postSolution
		SolutionGuid = {E67B1889-3837-48EF-831F-FC9B5F99F8D9}
	EndGlobalSection
EndGlobal
