
Microsoft Visual Studio Solution File, Format Version 12.00
# Visual Studio Version 17
VisualStudioVersion = 17.3.32929.385
MinimumVisualStudioVersion = 10.0.40219.1
Project("{FAE04EC0-301F-11D3-BF4B-00C04F79EFBC}") = "Articole", "Articole.csproj", "{CA2AA333-53EC-492D-9E75-8B587A890797}"
EndProject
Global
	GlobalSection(SolutionConfigurationPlatforms) = preSolution
		Debug|Any CPU = Debug|Any CPU
		Release|Any CPU = Release|Any CPU
	EndGlobalSection
	GlobalSection(ProjectConfigurationPlatforms) = postSolution
		{CA2AA333-53EC-492D-9E75-8B587A890797}.Debug|Any CPU.ActiveCfg = Debug|Any CPU
		{CA2AA333-53EC-492D-9E75-8B587A890797}.Debug|Any CPU.Build.0 = Debug|Any CPU
		{CA2AA333-53EC-492D-9E75-8B587A890797}.Release|Any CPU.ActiveCfg = Release|Any CPU
		{CA2AA333-53EC-492D-9E75-8B587A890797}.Release|Any CPU.Build.0 = Release|Any CPU
	EndGlobalSection
	GlobalSection(SolutionProperties) = preSolution
		HideSolutionNode = FALSE
	EndGlobalSection
	GlobalSection(ExtensibilityGlobals) = postSolution
		SolutionGuid = {3511669E-FE8E-41B2-9DC0-290D13148984}
	EndGlobalSection
EndGlobal
